// !$*UTF8*$!
{
	archiveVersion = 1;
	classes = {
	};
	objectVersion = 55;
	objects = {

/* Begin PBXBuildFile section */
		868E4763280C28F800C9F1BB /* ArticleCell.swift in Sources */ = {isa = PBXBuildFile; fileRef = 868E4762280C28F800C9F1BB /* ArticleCell.swift */; };
		868E4765280C2AC900C9F1BB /* AvatarImageView.swift in Sources */ = {isa = PBXBuildFile; fileRef = 868E4764280C2AC900C9F1BB /* AvatarImageView.swift */; };
		868E4767280C707D00C9F1BB /* TitleLabel.swift in Sources */ = {isa = PBXBuildFile; fileRef = 868E4766280C707D00C9F1BB /* TitleLabel.swift */; };
		868E4769280C709200C9F1BB /* BodyLabel.swift in Sources */ = {isa = PBXBuildFile; fileRef = 868E4768280C709200C9F1BB /* BodyLabel.swift */; };
		86CF30E9280C1BC0001CAECB /* AppDelegate.swift in Sources */ = {isa = PBXBuildFile; fileRef = 86CF30E8280C1BC0001CAECB /* AppDelegate.swift */; };
		86CF30EB280C1BC0001CAECB /* SceneDelegate.swift in Sources */ = {isa = PBXBuildFile; fileRef = 86CF30EA280C1BC0001CAECB /* SceneDelegate.swift */; };
		86CF30ED280C1BC0001CAECB /* FirstViewController.swift in Sources */ = {isa = PBXBuildFile; fileRef = 86CF30EC280C1BC0001CAECB /* FirstViewController.swift */; };
		86CF30F2280C1BC1001CAECB /* Assets.xcassets in Resources */ = {isa = PBXBuildFile; fileRef = 86CF30F1280C1BC1001CAECB /* Assets.xcassets */; };
		86CF30F5280C1BC1001CAECB /* LaunchScreen.storyboard in Resources */ = {isa = PBXBuildFile; fileRef = 86CF30F3280C1BC1001CAECB /* LaunchScreen.storyboard */; };
		86CF30FD280C1BED001CAECB /* Model.swift in Sources */ = {isa = PBXBuildFile; fileRef = 86CF30FC280C1BED001CAECB /* Model.swift */; };
		86CF30FF280C1E21001CAECB /* NetworkManager.swift in Sources */ = {isa = PBXBuildFile; fileRef = 86CF30FE280C1E21001CAECB /* NetworkManager.swift */; };
		97E4F6FBD97D7F452BEB3E26 /* Pods_NewsApp.framework in Frameworks */ = {isa = PBXBuildFile; fileRef = 390F2A8D668503D4AD804E04 /* Pods_NewsApp.framework */; };
/* End PBXBuildFile section */

/* Begin PBXFileReference section */
		390F2A8D668503D4AD804E04 /* Pods_NewsApp.framework */ = {isa = PBXFileReference; explicitFileType = wrapper.framework; includeInIndex = 0; path = Pods_NewsApp.framework; sourceTree = BUILT_PRODUCTS_DIR; };
		3CCCB4D98266DB0BC42C042F /* Pods-NewsApp.debug.xcconfig */ = {isa = PBXFileReference; includeInIndex = 1; lastKnownFileType = text.xcconfig; name = "Pods-NewsApp.debug.xcconfig"; path = "Target Support Files/Pods-NewsApp/Pods-NewsApp.debug.xcconfig"; sourceTree = "<group>"; };
		868E4762280C28F800C9F1BB /* ArticleCell.swift */ = {isa = PBXFileReference; lastKnownFileType = sourcecode.swift; path = ArticleCell.swift; sourceTree = "<group>"; };
		868E4764280C2AC900C9F1BB /* AvatarImageView.swift */ = {isa = PBXFileReference; lastKnownFileType = sourcecode.swift; path = AvatarImageView.swift; sourceTree = "<group>"; };
		868E4766280C707D00C9F1BB /* TitleLabel.swift */ = {isa = PBXFileReference; lastKnownFileType = sourcecode.swift; path = TitleLabel.swift; sourceTree = "<group>"; };
		868E4768280C709200C9F1BB /* BodyLabel.swift */ = {isa = PBXFileReference; lastKnownFileType = sourcecode.swift; path = BodyLabel.swift; sourceTree = "<group>"; };
		86CF30E5280C1BC0001CAECB /* NewsApp.app */ = {isa = PBXFileReference; explicitFileType = wrapper.application; includeInIndex = 0; path = NewsApp.app; sourceTree = BUILT_PRODUCTS_DIR; };
		86CF30E8280C1BC0001CAECB /* AppDelegate.swift */ = {isa = PBXFileReference; lastKnownFileType = sourcecode.swift; path = AppDelegate.swift; sourceTree = "<group>"; };
		86CF30EA280C1BC0001CAECB /* SceneDelegate.swift */ = {isa = PBXFileReference; lastKnownFileType = sourcecode.swift; path = SceneDelegate.swift; sourceTree = "<group>"; };
		86CF30EC280C1BC0001CAECB /* FirstViewController.swift */ = {isa = PBXFileReference; lastKnownFileType = sourcecode.swift; path = FirstViewController.swift; sourceTree = "<group>"; };
		86CF30F1280C1BC1001CAECB /* Assets.xcassets */ = {isa = PBXFileReference; lastKnownFileType = folder.assetcatalog; path = Assets.xcassets; sourceTree = "<group>"; };
		86CF30F4280C1BC1001CAECB /* Base */ = {isa = PBXFileReference; lastKnownFileType = file.storyboard; name = Base; path = Base.lproj/LaunchScreen.storyboard; sourceTree = "<group>"; };
		86CF30F6280C1BC1001CAECB /* Info.plist */ = {isa = PBXFileReference; lastKnownFileType = text.plist.xml; path = Info.plist; sourceTree = "<group>"; };
		86CF30FC280C1BED001CAECB /* Model.swift */ = {isa = PBXFileReference; lastKnownFileType = sourcecode.swift; path = Model.swift; sourceTree = "<group>"; };
		86CF30FE280C1E21001CAECB /* NetworkManager.swift */ = {isa = PBXFileReference; lastKnownFileType = sourcecode.swift; path = NetworkManager.swift; sourceTree = "<group>"; };
		8837DB67793C8D7836B73A36 /* Pods-NewsApp.release.xcconfig */ = {isa = PBXFileReference; includeInIndex = 1; lastKnownFileType = text.xcconfig; name = "Pods-NewsApp.release.xcconfig"; path = "Target Support Files/Pods-NewsApp/Pods-NewsApp.release.xcconfig"; sourceTree = "<group>"; };
/* End PBXFileReference section */

/* Begin PBXFrameworksBuildPhase section */
		86CF30E2280C1BC0001CAECB /* Frameworks */ = {
			isa = PBXFrameworksBuildPhase;
			buildActionMask = 2147483647;
			files = (
				97E4F6FBD97D7F452BEB3E26 /* Pods_NewsApp.framework in Frameworks */,
			);
			runOnlyForDeploymentPostprocessing = 0;
		};
/* End PBXFrameworksBuildPhase section */

/* Begin PBXGroup section */
		173ABBBF62664A34717597CF /* Pods */ = {
			isa = PBXGroup;
			children = (
				3CCCB4D98266DB0BC42C042F /* Pods-NewsApp.debug.xcconfig */,
				8837DB67793C8D7836B73A36 /* Pods-NewsApp.release.xcconfig */,
			);
			name = Pods;
			path = Pods;
			sourceTree = "<group>";
		};
		868E476A280C70A600C9F1BB /* Labels */ = {
			isa = PBXGroup;
			children = (
				868E4766280C707D00C9F1BB /* TitleLabel.swift */,
				868E4768280C709200C9F1BB /* BodyLabel.swift */,
			);
			path = Labels;
			sourceTree = "<group>";
		};
		868E476B280C70AF00C9F1BB /* Model */ = {
			isa = PBXGroup;
			children = (
				86CF30FC280C1BED001CAECB /* Model.swift */,
				86CF30FE280C1E21001CAECB /* NetworkManager.swift */,
			);
			path = Model;
			sourceTree = "<group>";
		};
		868E476C280C70BA00C9F1BB /* Cells */ = {
			isa = PBXGroup;
			children = (
				868E4762280C28F800C9F1BB /* ArticleCell.swift */,
			);
			path = Cells;
			sourceTree = "<group>";
		};
		868E476D280C70C900C9F1BB /* Support */ = {
			isa = PBXGroup;
			children = (
				86CF30E8280C1BC0001CAECB /* AppDelegate.swift */,
				86CF30EA280C1BC0001CAECB /* SceneDelegate.swift */,
				86CF30F1280C1BC1001CAECB /* Assets.xcassets */,
				86CF30F3280C1BC1001CAECB /* LaunchScreen.storyboard */,
			);
			path = Support;
			sourceTree = "<group>";
		};
		868E476E280C70D600C9F1BB /* Controllers */ = {
			isa = PBXGroup;
			children = (
				86CF30EC280C1BC0001CAECB /* FirstViewController.swift */,
			);
			path = Controllers;
			sourceTree = "<group>";
		};
		868E476F280C70FA00C9F1BB /* Views */ = {
			isa = PBXGroup;
			children = (
				868E4764280C2AC900C9F1BB /* AvatarImageView.swift */,
			);
			path = Views;
			sourceTree = "<group>";
		};
		86CF30DC280C1BC0001CAECB = {
			isa = PBXGroup;
			children = (
				86CF30E7280C1BC0001CAECB /* NewsApp */,
				86CF30E6280C1BC0001CAECB /* Products */,
				173ABBBF62664A34717597CF /* Pods */,
				AA07195E4F564BEDFCF8B452 /* Frameworks */,
			);
			sourceTree = "<group>";
		};
		86CF30E6280C1BC0001CAECB /* Products */ = {
			isa = PBXGroup;
			children = (
				86CF30E5280C1BC0001CAECB /* NewsApp.app */,
			);
			name = Products;
			sourceTree = "<group>";
		};
		86CF30E7280C1BC0001CAECB /* NewsApp */ = {
			isa = PBXGroup;
			children = (
				868E476D280C70C900C9F1BB /* Support */,
				868E476E280C70D600C9F1BB /* Controllers */,
				86CF30F6280C1BC1001CAECB /* Info.plist */,
				868E476B280C70AF00C9F1BB /* Model */,
				868E476C280C70BA00C9F1BB /* Cells */,
				868E476F280C70FA00C9F1BB /* Views */,
				868E476A280C70A600C9F1BB /* Labels */,
			);
			path = NewsApp;
			sourceTree = "<group>";
		};
		AA07195E4F564BEDFCF8B452 /* Frameworks */ = {
			isa = PBXGroup;
			children = (
				390F2A8D668503D4AD804E04 /* Pods_NewsApp.framework */,
			);
			name = Frameworks;
			sourceTree = "<group>";
		};
/* End PBXGroup section */

/* Begin PBXNativeTarget section */
		86CF30E4280C1BC0001CAECB /* NewsApp */ = {
			isa = PBXNativeTarget;
			buildConfigurationList = 86CF30F9280C1BC1001CAECB /* Build configuration list for PBXNativeTarget "NewsApp" */;
			buildPhases = (
				A3BFA585FA817B70C311C91D /* [CP] Check Pods Manifest.lock */,
				86CF30E1280C1BC0001CAECB /* Sources */,
				86CF30E2280C1BC0001CAECB /* Frameworks */,
				86CF30E3280C1BC0001CAECB /* Resources */,
				A50B36FFAE2EC281E0270D14 /* [CP] Embed Pods Frameworks */,
			);
			buildRules = (
			);
			dependencies = (
			);
			name = NewsApp;
			productName = NewsApp;
			productReference = 86CF30E5280C1BC0001CAECB /* NewsApp.app */;
			productType = "com.apple.product-type.application";
		};
/* End PBXNativeTarget section */

/* Begin PBXProject section */
		86CF30DD280C1BC0001CAECB /* Project object */ = {
			isa = PBXProject;
			attributes = {
				BuildIndependentTargetsInParallel = 1;
				LastSwiftUpdateCheck = 1330;
				LastUpgradeCheck = 1330;
				TargetAttributes = {
					86CF30E4280C1BC0001CAECB = {
						CreatedOnToolsVersion = 13.3;
					};
				};
			};
			buildConfigurationList = 86CF30E0280C1BC0001CAECB /* Build configuration list for PBXProject "NewsApp" */;
			compatibilityVersion = "Xcode 13.0";
			developmentRegion = en;
			hasScannedForEncodings = 0;
			knownRegions = (
				en,
				Base,
			);
			mainGroup = 86CF30DC280C1BC0001CAECB;
			productRefGroup = 86CF30E6280C1BC0001CAECB /* Products */;
			projectDirPath = "";
			projectRoot = "";
			targets = (
				86CF30E4280C1BC0001CAECB /* NewsApp */,
			);
		};
/* End PBXProject section */

/* Begin PBXResourcesBuildPhase section */
		86CF30E3280C1BC0001CAECB /* Resources */ = {
			isa = PBXResourcesBuildPhase;
			buildActionMask = 2147483647;
			files = (
				86CF30F5280C1BC1001CAECB /* LaunchScreen.storyboard in Resources */,
				86CF30F2280C1BC1001CAECB /* Assets.xcassets in Resources */,
			);
			runOnlyForDeploymentPostprocessing = 0;
		};
/* End PBXResourcesBuildPhase section */

/* Begin PBXShellScriptBuildPhase section */
		A3BFA585FA817B70C311C91D /* [CP] Check Pods Manifest.lock */ = {
			isa = PBXShellScriptBuildPhase;
			buildActionMask = 2147483647;
			files = (
			);
			inputFileListPaths = (
			);
			inputPaths = (
				"${PODS_PODFILE_DIR_PATH}/Podfile.lock",
				"${PODS_ROOT}/Manifest.lock",
			);
			name = "[CP] Check Pods Manifest.lock";
			outputFileListPaths = (
			);
			outputPaths = (
				"$(DERIVED_FILE_DIR)/Pods-NewsApp-checkManifestLockResult.txt",
			);
			runOnlyForDeploymentPostprocessing = 0;
			shellPath = /bin/sh;
			shellScript = "diff \"${PODS_PODFILE_DIR_PATH}/Podfile.lock\" \"${PODS_ROOT}/Manifest.lock\" > /dev/null\nif [ $? != 0 ] ; then\n    # print error to STDERR\n    echo \"error: The sandbox is not in sync with the Podfile.lock. Run 'pod install' or update your CocoaPods installation.\" >&2\n    exit 1\nfi\n# This output is used by Xcode 'outputs' to avoid re-running this script phase.\necho \"SUCCESS\" > \"${SCRIPT_OUTPUT_FILE_0}\"\n";
			showEnvVarsInLog = 0;
		};
		A50B36FFAE2EC281E0270D14 /* [CP] Embed Pods Frameworks */ = {
			isa = PBXShellScriptBuildPhase;
			buildActionMask = 2147483647;
			files = (
			);
			inputFileListPaths = (
				"${PODS_ROOT}/Target Support Files/Pods-NewsApp/Pods-NewsApp-frameworks-${CONFIGURATION}-input-files.xcfilelist",
			);
			name = "[CP] Embed Pods Frameworks";
			outputFileListPaths = (
				"${PODS_ROOT}/Target Support Files/Pods-NewsApp/Pods-NewsApp-frameworks-${CONFIGURATION}-output-files.xcfilelist",
			);
			runOnlyForDeploymentPostprocessing = 0;
			shellPath = /bin/sh;
			shellScript = "\"${PODS_ROOT}/Target Support Files/Pods-NewsApp/Pods-NewsApp-frameworks.sh\"\n";
			showEnvVarsInLog = 0;
		};
/* End PBXShellScriptBuildPhase section */

/* Begin PBXSourcesBuildPhase section */
		86CF30E1280C1BC0001CAECB /* Sources */ = {
			isa = PBXSourcesBuildPhase;
			buildActionMask = 2147483647;
			files = (
				868E4769280C709200C9F1BB /* BodyLabel.swift in Sources */,
				86CF30ED280C1BC0001CAECB /* FirstViewController.swift in Sources */,
				86CF30E9280C1BC0001CAECB /* AppDelegate.swift in Sources */,
				868E4763280C28F800C9F1BB /* ArticleCell.swift in Sources */,
				86CF30FF280C1E21001CAECB /* NetworkManager.swift in Sources */,
				86CF30EB280C1BC0001CAECB /* SceneDelegate.swift in Sources */,
				868E4767280C707D00C9F1BB /* TitleLabel.swift in Sources */,
				868E4765280C2AC900C9F1BB /* AvatarImageView.swift in Sources */,
				86CF30FD280C1BED001CAECB /* Model.swift in Sources */,
			);
			runOnlyForDeploymentPostprocessing = 0;
		};
/* End PBXSourcesBuildPhase section */

/* Begin PBXVariantGroup section */
		86CF30F3280C1BC1001CAECB /* LaunchScreen.storyboard */ = {
			isa = PBXVariantGroup;
			children = (
				86CF30F4280C1BC1001CAECB /* Base */,
			);
			name = LaunchScreen.storyboard;
			sourceTree = "<group>";
		};
/* End PBXVariantGroup section */

/* Begin XCBuildConfiguration section */
		86CF30F7280C1BC1001CAECB /* Debug */ = {
			isa = XCBuildConfiguration;
			buildSettings = {
				ALWAYS_SEARCH_USER_PATHS = NO;
				CLANG_ANALYZER_NONNULL = YES;
				CLANG_ANALYZER_NUMBER_OBJECT_CONVERSION = YES_AGGRESSIVE;
				CLANG_CXX_LANGUAGE_STANDARD = "gnu++17";
				CLANG_ENABLE_MODULES = YES;
				CLANG_ENABLE_OBJC_ARC = YES;
				CLANG_ENABLE_OBJC_WEAK = YES;
				CLANG_WARN_BLOCK_CAPTURE_AUTORELEASING = YES;
				CLANG_WARN_BOOL_CONVERSION = YES;
				CLANG_WARN_COMMA = YES;
				CLANG_WARN_CONSTANT_CONVERSION = YES;
				CLANG_WARN_DEPRECATED_OBJC_IMPLEMENTATIONS = YES;
				CLANG_WARN_DIRECT_OBJC_ISA_USAGE = YES_ERROR;
				CLANG_WARN_DOCUMENTATION_COMMENTS = YES;
				CLANG_WARN_EMPTY_BODY = YES;
				CLANG_WARN_ENUM_CONVERSION = YES;
				CLANG_WARN_INFINITE_RECURSION = YES;
				CLANG_WARN_INT_CONVERSION = YES;
				CLANG_WARN_NON_LITERAL_NULL_CONVERSION = YES;
				CLANG_WARN_OBJC_IMPLICIT_RETAIN_SELF = YES;
				CLANG_WARN_OBJC_LITERAL_CONVERSION = YES;
				CLANG_WARN_OBJC_ROOT_CLASS = YES_ERROR;
				CLANG_WARN_QUOTED_INCLUDE_IN_FRAMEWORK_HEADER = YES;
				CLANG_WARN_RANGE_LOOP_ANALYSIS = YES;
				CLANG_WARN_STRICT_PROTOTYPES = YES;
				CLANG_WARN_SUSPICIOUS_MOVE = YES;
				CLANG_WARN_UNGUARDED_AVAILABILITY = YES_AGGRESSIVE;
				CLANG_WARN_UNREACHABLE_CODE = YES;
				CLANG_WARN__DUPLICATE_METHOD_MATCH = YES;
				COPY_PHASE_STRIP = NO;
				DEBUG_INFORMATION_FORMAT = dwarf;
				ENABLE_STRICT_OBJC_MSGSEND = YES;
				ENABLE_TESTABILITY = YES;
				GCC_C_LANGUAGE_STANDARD = gnu11;
				GCC_DYNAMIC_NO_PIC = NO;
				GCC_NO_COMMON_BLOCKS = YES;
				GCC_OPTIMIZATION_LEVEL = 0;
				GCC_PREPROCESSOR_DEFINITIONS = (
					"DEBUG=1",
					"$(inherited)",
				);
				GCC_WARN_64_TO_32_BIT_CONVERSION = YES;
				GCC_WARN_ABOUT_RETURN_TYPE = YES_ERROR;
				GCC_WARN_UNDECLARED_SELECTOR = YES;
				GCC_WARN_UNINITIALIZED_AUTOS = YES_AGGRESSIVE;
				GCC_WARN_UNUSED_FUNCTION = YES;
				GCC_WARN_UNUSED_VARIABLE = YES;
				IPHONEOS_DEPLOYMENT_TARGET = 15.4;
				MTL_ENABLE_DEBUG_INFO = INCLUDE_SOURCE;
				MTL_FAST_MATH = YES;
				ONLY_ACTIVE_ARCH = YES;
				SDKROOT = iphoneos;
				SWIFT_ACTIVE_COMPILATION_CONDITIONS = DEBUG;
				SWIFT_OPTIMIZATION_LEVEL = "-Onone";
			};
			name = Debug;
		};
		86CF30F8280C1BC1001CAECB /* Release */ = {
			isa = XCBuildConfiguration;
			buildSettings = {
				ALWAYS_SEARCH_USER_PATHS = NO;
				CLANG_ANALYZER_NONNULL = YES;
				CLANG_ANALYZER_NUMBER_OBJECT_CONVERSION = YES_AGGRESSIVE;
				CLANG_CXX_LANGUAGE_STANDARD = "gnu++17";
				CLANG_ENABLE_MODULES = YES;
				CLANG_ENABLE_OBJC_ARC = YES;
				CLANG_ENABLE_OBJC_WEAK = YES;
				CLANG_WARN_BLOCK_CAPTURE_AUTORELEASING = YES;
				CLANG_WARN_BOOL_CONVERSION = YES;
				CLANG_WARN_COMMA = YES;
				CLANG_WARN_CONSTANT_CONVERSION = YES;
				CLANG_WARN_DEPRECATED_OBJC_IMPLEMENTATIONS = YES;
				CLANG_WARN_DIRECT_OBJC_ISA_USAGE = YES_ERROR;
				CLANG_WARN_DOCUMENTATION_COMMENTS = YES;
				CLANG_WARN_EMPTY_BODY = YES;
				CLANG_WARN_ENUM_CONVERSION = YES;
				CLANG_WARN_INFINITE_RECURSION = YES;
				CLANG_WARN_INT_CONVERSION = YES;
				CLANG_WARN_NON_LITERAL_NULL_CONVERSION = YES;
				CLANG_WARN_OBJC_IMPLICIT_RETAIN_SELF = YES;
				CLANG_WARN_OBJC_LITERAL_CONVERSION = YES;
				CLANG_WARN_OBJC_ROOT_CLASS = YES_ERROR;
				CLANG_WARN_QUOTED_INCLUDE_IN_FRAMEWORK_HEADER = YES;
				CLANG_WARN_RANGE_LOOP_ANALYSIS = YES;
				CLANG_WARN_STRICT_PROTOTYPES = YES;
				CLANG_WARN_SUSPICIOUS_MOVE = YES;
				CLANG_WARN_UNGUARDED_AVAILABILITY = YES_AGGRESSIVE;
				CLANG_WARN_UNREACHABLE_CODE = YES;
				CLANG_WARN__DUPLICATE_METHOD_MATCH = YES;
				COPY_PHASE_STRIP = NO;
				DEBUG_INFORMATION_FORMAT = "dwarf-with-dsym";
				ENABLE_NS_ASSERTIONS = NO;
				ENABLE_STRICT_OBJC_MSGSEND = YES;
				GCC_C_LANGUAGE_STANDARD = gnu11;
				GCC_NO_COMMON_BLOCKS = YES;
				GCC_WARN_64_TO_32_BIT_CONVERSION = YES;
				GCC_WARN_ABOUT_RETURN_TYPE = YES_ERROR;
				GCC_WARN_UNDECLARED_SELECTOR = YES;
				GCC_WARN_UNINITIALIZED_AUTOS = YES_AGGRESSIVE;
				GCC_WARN_UNUSED_FUNCTION = YES;
				GCC_WARN_UNUSED_VARIABLE = YES;
				IPHONEOS_DEPLOYMENT_TARGET = 15.4;
				MTL_ENABLE_DEBUG_INFO = NO;
				MTL_FAST_MATH = YES;
				SDKROOT = iphoneos;
				SWIFT_COMPILATION_MODE = wholemodule;
				SWIFT_OPTIMIZATION_LEVEL = "-O";
				VALIDATE_PRODUCT = YES;
			};
			name = Release;
		};
		86CF30FA280C1BC1001CAECB /* Debug */ = {
			isa = XCBuildConfiguration;
			baseConfigurationReference = 3CCCB4D98266DB0BC42C042F /* Pods-NewsApp.debug.xcconfig */;
			buildSettings = {
				ASSETCATALOG_COMPILER_APPICON_NAME = AppIcon;
				ASSETCATALOG_COMPILER_GLOBAL_ACCENT_COLOR_NAME = AccentColor;
				CODE_SIGN_IDENTITY = "Apple Development";
				CODE_SIGN_STYLE = Automatic;
				CURRENT_PROJECT_VERSION = 1;
				DEVELOPMENT_TEAM = "";
				GENERATE_INFOPLIST_FILE = YES;
				INFOPLIST_FILE = NewsApp/Info.plist;
				INFOPLIST_KEY_UIApplicationSupportsIndirectInputEvents = YES;
				INFOPLIST_KEY_UILaunchStoryboardName = LaunchScreen;
				INFOPLIST_KEY_UISupportedInterfaceOrientations_iPad = "UIInterfaceOrientationPortrait UIInterfaceOrientationPortraitUpsideDown UIInterfaceOrientationLandscapeLeft UIInterfaceOrientationLandscapeRight";
				INFOPLIST_KEY_UISupportedInterfaceOrientations_iPhone = "UIInterfaceOrientationPortrait UIInterfaceOrientationLandscapeLeft UIInterfaceOrientationLandscapeRight";
				LD_RUNPATH_SEARCH_PATHS = (
					"$(inherited)",
					"@executable_path/Frameworks",
				);
				MARKETING_VERSION = 1.0;
				PRODUCT_BUNDLE_IDENTIFIER = "Nodirbek-s.NewsApp";
				PRODUCT_NAME = "$(TARGET_NAME)";
				PROVISIONING_PROFILE_SPECIFIER = "";
				SWIFT_EMIT_LOC_STRINGS = YES;
				SWIFT_VERSION = 5.0;
				TARGETED_DEVICE_FAMILY = "1,2";
			};
			name = Debug;
		};
		86CF30FB280C1BC1001CAECB /* Release */ = {
			isa = XCBuildConfiguration;
			baseConfigurationReference = 8837DB67793C8D7836B73A36 /* Pods-NewsApp.release.xcconfig */;
			buildSettings = {
				ASSETCATALOG_COMPILER_APPICON_NAME = AppIcon;
				ASSETCATALOG_COMPILER_GLOBAL_ACCENT_COLOR_NAME = AccentColor;
				CODE_SIGN_IDENTITY = "Apple Development";
				CODE_SIGN_STYLE = Automatic;
				CURRENT_PROJECT_VERSION = 1;
				DEVELOPMENT_TEAM = "";
				GENERATE_INFOPLIST_FILE = YES;
				INFOPLIST_FILE = NewsApp/Info.plist;
				INFOPLIST_KEY_UIApplicationSupportsIndirectInputEvents = YES;
				INFOPLIST_KEY_UILaunchStoryboardName = LaunchScreen;
				INFOPLIST_KEY_UISupportedInterfaceOrientations_iPad = "UIInterfaceOrientationPortrait UIInterfaceOrientationPortraitUpsideDown UIInterfaceOrientationLandscapeLeft UIInterfaceOrientationLandscapeRight";
				INFOPLIST_KEY_UISupportedInterfaceOrientations_iPhone = "UIInterfaceOrientationPortrait UIInterfaceOrientationLandscapeLeft UIInterfaceOrientationLandscapeRight";
				LD_RUNPATH_SEARCH_PATHS = (
					"$(inherited)",
					"@executable_path/Frameworks",
				);
				MARKETING_VERSION = 1.0;
				PRODUCT_BUNDLE_IDENTIFIER = "Nodirbek-s.NewsApp";
				PRODUCT_NAME = "$(TARGET_NAME)";
				PROVISIONING_PROFILE_SPECIFIER = "";
				SWIFT_EMIT_LOC_STRINGS = YES;
				SWIFT_VERSION = 5.0;
				TARGETED_DEVICE_FAMILY = "1,2";
			};
			name = Release;
		};
/* End XCBuildConfiguration section */

/* Begin XCConfigurationList section */
		86CF30E0280C1BC0001CAECB /* Build configuration list for PBXProject "NewsApp" */ = {
			isa = XCConfigurationList;
			buildConfigurations = (
				86CF30F7280C1BC1001CAECB /* Debug */,
				86CF30F8280C1BC1001CAECB /* Release */,
			);
			defaultConfigurationIsVisible = 0;
			defaultConfigurationName = Release;
		};
		86CF30F9280C1BC1001CAECB /* Build configuration list for PBXNativeTarget "NewsApp" */ = {
			isa = XCConfigurationList;
			buildConfigurations = (
				86CF30FA280C1BC1001CAECB /* Debug */,
				86CF30FB280C1BC1001CAECB /* Release */,
			);
			defaultConfigurationIsVisible = 0;
			defaultConfigurationName = Release;
		};
/* End XCConfigurationList section */
	};
	rootObject = 86CF30DD280C1BC0001CAECB /* Project object */;
}
